
Microsoft Visual Studio Solution File, Format Version 12.00
# Visual Studio 15
VisualStudioVersion = 15.0.27130.2027
MinimumVisualStudioVersion = 10.0.40219.1
Project("{8BC9CEB8-8B4A-11D0-8D11-00A0C91BC942}") = "NetworkProject", "NetworkProject\NetworkProject.vcxproj", "{BD911F6F-27DC-4073-AA47-11DE04A7A463}"
EndProject
Global
	GlobalSection(SolutionConfigurationPlatforms) = preSolution
		Debug|x64 = Debug|x64
		Debug|x86 = Debug|x86
		Release|x64 = Release|x64
		Release|x86 = Release|x86
	EndGlobalSection
	GlobalSection(ProjectConfigurationPlatforms) = postSolution
		{BD911F6F-27DC-4073-AA47-11DE04A7A463}.Debug|x64.ActiveCfg = Debug|x64
		{BD911F6F-27DC-4073-AA47-11DE04A7A463}.Debug|x64.Build.0 = Debug|x64
		{BD911F6F-27DC-4073-AA47-11DE04A7A463}.Debug|x86.ActiveCfg = Debug|Win32
		{BD911F6F-27DC-4073-AA47-11DE04A7A463}.Debug|x86.Build.0 = Debug|Win32
		{BD911F6F-27DC-4073-AA47-11DE04A7A463}.Release|x64.ActiveCfg = Release|x64
		{BD911F6F-27DC-4073-AA47-11DE04A7A463}.Release|x64.Build.0 = Release|x64
		{BD911F6F-27DC-4073-AA47-11DE04A7A463}.Release|x86.ActiveCfg = Release|Win32
		{BD911F6F-27DC-4073-AA47-11DE04A7A463}.Release|x86.Build.0 = Release|Win32
	EndGlobalSection
	GlobalSection(SolutionProperties) = preSolution
		HideSolutionNode = FALSE
	EndGlobalSection
	GlobalSection(ExtensibilityGlobals) = postSolution
		SolutionGuid = {D7B02E1E-F140-43F4-838F-E0C9AE36367E}
	EndGlobalSection
EndGlobal
